{
  "name": "v-purify-html",
  "version": "0.1.6",
  "lockfileVersion": 1,
  "requires": true,
  "dependencies": {
    "purify-html": {
      "version": "1.3.3",
      "resolved": "https://registry.npmjs.org/purify-html/-/purify-html-1.3.3.tgz",
      "integrity": "sha512-wpho9GFHttQ7OgpmkEntCicGn8j7YgWWU/m1AJpmqrSYMP4mZmzZh80iCsROAyn4XgXJA/l0y279uW88e0QHNA=="
    }
  }
}
