{
  "name": "v-purify-html",
  "version": "0.1.7",
  "lockfileVersion": 3,
  "requires": true,
  "packages": {
    "": {
      "name": "v-purify-html",
      "version": "0.1.7",
      "license": "MIT",
      "dependencies": {
        "purify-html": "^1.4.4"
      }
    },
    "node_modules/purify-html": {
      "version": "1.4.4",
      "resolved": "https://registry.npmjs.org/purify-html/-/purify-html-1.4.4.tgz",
      "integrity": "sha512-ULWTYOjY2VsB9niLUgZkYugpXl19ISm/cGxfNHHkAscUwHQQWROknHZPe/LE1QxUwyL7EIGFRRQxUZ1/2W+EhA=="
    }
  }
}
